
Microsoft Visual Studio Solution File, Format Version 12.00
# Visual Studio Version 16
VisualStudioVersion = 16.0.31515.178
MinimumVisualStudioVersion = 10.0.40219.1
Project("{9A19103F-16F7-4668-BE54-9A1E7A4F7556}") = "MyPayProject", "MyPayProject\MyPayProject.csproj", "{5CAC8506-8EF7-439F-80CF-B0A39BB0594A}"
EndProject
Project("{FAE04EC0-301F-11D3-BF4B-00C04F79EFBC}") = "MyPayNUnitTestProject", "MyPayNUnitTestProject\MyPayNUnitTestProject.csproj", "{4C7DDFBC-727E-44B6-B49E-A58C83C3E4F9}"
EndProject
Global
	GlobalSection(SolutionConfigurationPlatforms) = preSolution
		Debug|Any CPU = Debug|Any CPU
		Release|Any CPU = Release|Any CPU
	EndGlobalSection
	GlobalSection(ProjectConfigurationPlatforms) = postSolution
		{5CAC8506-8EF7-439F-80CF-B0A39BB0594A}.Debug|Any CPU.ActiveCfg = Debug|Any CPU
		{5CAC8506-8EF7-439F-80CF-B0A39BB0594A}.Debug|Any CPU.Build.0 = Debug|Any CPU
		{5CAC8506-8EF7-439F-80CF-B0A39BB0594A}.Release|Any CPU.ActiveCfg = Release|Any CPU
		{5CAC8506-8EF7-439F-80CF-B0A39BB0594A}.Release|Any CPU.Build.0 = Release|Any CPU
		{4C7DDFBC-727E-44B6-B49E-A58C83C3E4F9}.Debug|Any CPU.ActiveCfg = Debug|Any CPU
		{4C7DDFBC-727E-44B6-B49E-A58C83C3E4F9}.Debug|Any CPU.Build.0 = Debug|Any CPU
		{4C7DDFBC-727E-44B6-B49E-A58C83C3E4F9}.Release|Any CPU.ActiveCfg = Release|Any CPU
		{4C7DDFBC-727E-44B6-B49E-A58C83C3E4F9}.Release|Any CPU.Build.0 = Release|Any CPU
	EndGlobalSection
	GlobalSection(SolutionProperties) = preSolution
		HideSolutionNode = FALSE
	EndGlobalSection
	GlobalSection(ExtensibilityGlobals) = postSolution
		SolutionGuid = {606B4227-E0FD-4204-B2FC-D00D71BB7704}
	EndGlobalSection
EndGlobal
